
Microsoft Visual Studio Solution File, Format Version 10.00
# Visual Studio 2008
Project("{FAE04EC0-301F-11D3-BF4B-00C04F79EFBC}") = "LogAnanlysis", "LogAnanlysis\LogAnanlysis.csproj", "{5274338C-7EDA-4A3A-9CA7-CC9B3C4E9288}"
EndProject
Global
	GlobalSection(SolutionConfigurationPlatforms) = preSolution
		Debug|Any CPU = Debug|Any CPU
		Release|Any CPU = Release|Any CPU
	EndGlobalSection
	GlobalSection(ProjectConfigurationPlatforms) = postSolution
		{5274338C-7EDA-4A3A-9CA7-CC9B3C4E9288}.Debug|Any CPU.ActiveCfg = Debug|Any CPU
		{5274338C-7EDA-4A3A-9CA7-CC9B3C4E9288}.Debug|Any CPU.Build.0 = Debug|Any CPU
		{5274338C-7EDA-4A3A-9CA7-CC9B3C4E9288}.Release|Any CPU.ActiveCfg = Release|Any CPU
		{5274338C-7EDA-4A3A-9CA7-CC9B3C4E9288}.Release|Any CPU.Build.0 = Release|Any CPU
	EndGlobalSection
	GlobalSection(SolutionProperties) = preSolution
		HideSolutionNode = FALSE
	EndGlobalSection
EndGlobal
